PODS:
  - Branch (0.10.0)
  - BranchInvite (0.3.3):
    - Branch
    - HMSegmentedControl
  - HMSegmentedControl (1.5.2)

DEPENDENCIES:
  - BranchInvite (from `..`)

EXTERNAL SOURCES:
  BranchInvite:
    :path: ..

SPEC CHECKSUMS:
  Branch: d31fe46ca1b969e6ab20e8e29d6541036a5f8cfb
  BranchInvite: 694d6d9b291633166e21d4330dfbe9e57ee63c41
  HMSegmentedControl: 83b9686022d2176fb6457d2bdb61e5d6393fed7d

COCOAPODS: 0.37.1
