PODS:
  - Branch (0.4.2)
  - BranchInvite (0.1.0):
    - Branch
    - HMSegmentedControl
  - HMSegmentedControl (1.4.0)

DEPENDENCIES:
  - BranchInvite (from `..`)

EXTERNAL SOURCES:
  BranchInvite:
    :path: ..

SPEC CHECKSUMS:
  Branch: d2fbdd29bd49421b1a5386f6a8e66ba564b89ce4
  BranchInvite: 679106fe03764675cd3b4ec5d4266dd248653900
  HMSegmentedControl: c0517a8d4b80c978b8386f863f1c44729cfd7d6f

COCOAPODS: 0.35.0
