PODS:
  - Branch (0.8.1)
  - BranchInvite (0.2.0):
    - Branch
    - HMSegmentedControl (= 1.4)
  - HMSegmentedControl (1.4.0)

DEPENDENCIES:
  - BranchInvite (from `..`)

EXTERNAL SOURCES:
  BranchInvite:
    :path: ..

SPEC CHECKSUMS:
  Branch: a53f0bb03baf434c84085a961bbde5c4bbb4ade2
  BranchInvite: 0f10cf02f83cbb3f91c57ff8bc02769658a1eddf
  HMSegmentedControl: c2fffcd5f391c1bcd3db510b1bea645fce4e08e5

COCOAPODS: 0.36.4
